
Microsoft Visual Studio Solution File, Format Version 12.00
# Visual Studio Version 17
VisualStudioVersion = 17.14.36221.1 d17.14
MinimumVisualStudioVersion = 10.0.40219.1
Project("{FAE04EC0-301F-11D3-BF4B-00C04F79EFBC}") = "EmployeeManagement.API", "EmployeeManagement.API\EmployeeManagement.API.csproj", "{9E4E22F2-A854-43E9-898A-92FB196BE72D}"
EndProject
Global
	GlobalSection(SolutionConfigurationPlatforms) = preSolution
		Debug|Any CPU = Debug|Any CPU
		Release|Any CPU = Release|Any CPU
	EndGlobalSection
	GlobalSection(ProjectConfigurationPlatforms) = postSolution
		{9E4E22F2-A854-43E9-898A-92FB196BE72D}.Debug|Any CPU.ActiveCfg = Debug|Any CPU
		{9E4E22F2-A854-43E9-898A-92FB196BE72D}.Debug|Any CPU.Build.0 = Debug|Any CPU
		{9E4E22F2-A854-43E9-898A-92FB196BE72D}.Release|Any CPU.ActiveCfg = Release|Any CPU
		{9E4E22F2-A854-43E9-898A-92FB196BE72D}.Release|Any CPU.Build.0 = Release|Any CPU
	EndGlobalSection
	GlobalSection(SolutionProperties) = preSolution
		HideSolutionNode = FALSE
	EndGlobalSection
	GlobalSection(ExtensibilityGlobals) = postSolution
		SolutionGuid = {BE0F2097-24C8-4EDF-AE0F-09FD7E376F2F}
	EndGlobalSection
EndGlobal
